<?xml version="1.0" encoding="utf-8"?>
<Project ToolsVersion="4.0" xmlns="http://schemas.microsoft.com/developer/msbuild/2003">
  <ItemGroup>
    <Filter Include="Source Files">
      <UniqueIdentifier>{4FC737F1-C7A5-4376-A066-2A32D752A2FF}</UniqueIdentifier>
      <Extensions>cpp;c;cc;cxx;def;odl;idl;hpj;bat;asm;asmx</Extensions>
    </Filter>
  </ItemGroup>
  <ItemGroup>
    <ClCompile Include="..\online_stats\client_online_stats.cpp">
      <Filter>Source Files</Filter>
    </ClCompile>
    <ClCompile Include="parameters_client.cpp">
      <Filter>Source Files</Filter>
    </ClCompile>
    <ClCompile Include="utils.cpp">
      <Filter>Source Files</Filter>
    </ClCompile>
    <ClCompile Include="..\online_stats\xfiregameclient.cpp">
      <Filter>Source Files</Filter>
    </ClCompile>
    <ClCompile Include="..\buffer_lazy\buffer_lazy.cpp">
      <Filter>Source Files</Filter>
    </ClCompile>
    <ClCompile Include="AngelScript.cpp">
      <Filter>Source Files</Filter>
    </ClCompile>
  </ItemGroup>
  <ItemGroup>
    <ClInclude Include="..\online_stats\online_stats.h">
      <Filter>Source Files</Filter>
    </ClInclude>
    <ClInclude Include="..\online_stats\xfiregameclient.h">
      <Filter>Source Files</Filter>
    </ClInclude>
  </ItemGroup>
</Project>