
Microsoft Visual Studio Solution File, Format Version 11.00
# Visual Studio 2010
Project("{FAE04EC0-301F-11D3-BF4B-00C04F79EFBC}") = "FO2238Config", "FO2238Config.csproj", "{68B688BC-1DDC-42F4-BBB6-ACEF8F96F66E}"
EndProject
Global
	GlobalSection(SolutionConfigurationPlatforms) = preSolution
		Debug|Any CPU = Debug|Any CPU
		Release|Any CPU = Release|Any CPU
	EndGlobalSection
	GlobalSection(ProjectConfigurationPlatforms) = postSolution
		{68B688BC-1DDC-42F4-BBB6-ACEF8F96F66E}.Debug|Any CPU.ActiveCfg = Debug|Any CPU
		{68B688BC-1DDC-42F4-BBB6-ACEF8F96F66E}.Debug|Any CPU.Build.0 = Debug|Any CPU
		{68B688BC-1DDC-42F4-BBB6-ACEF8F96F66E}.Release|Any CPU.ActiveCfg = Release|Any CPU
		{68B688BC-1DDC-42F4-BBB6-ACEF8F96F66E}.Release|Any CPU.Build.0 = Release|Any CPU
	EndGlobalSection
	GlobalSection(SolutionProperties) = preSolution
		HideSolutionNode = FALSE
	EndGlobalSection
EndGlobal
