<?xml version="1.0" encoding="UTF-8" standalone="yes" ?>
<CodeBlocks_project_file>
	<FileVersion major="1" minor="6" />
	<Project>
		<Option title="FOnline Scripting Documentation" />
		<Option makefile_is_custom="1" />
		<Option pch_mode="2" />
		<Option compiler="gcc" />
		<Build>
			<Target title="All">
				<Option type="4" />
				<Option compiler="gcc" />
			</Target>
			<Target title="Russian">
				<Option type="4" />
				<Option compiler="gcc" />
			</Target>
			<Target title="English">
				<Option type="4" />
				<Option compiler="gcc" />
			</Target>
		</Build>
		<Unit filename="FOnlineDoc.cfg">
			<Option target="&lt;{~None~}&gt;" />
		</Unit>
		<Unit filename="FOnlineDoc.en.cfg">
			<Option target="&lt;{~None~}&gt;" />
		</Unit>
		<Unit filename="Makefile">
			<Option target="&lt;{~None~}&gt;" />
		</Unit>
		<Unit filename="src\index.doc" />
		<Unit filename="src\reference\Critter.fos">
			<Option target="All" />
		</Unit>
		<Unit filename="src\reference\CritterCl.fos">
			<Option target="All" />
		</Unit>
		<Unit filename="src\reference\GameVar.fos">
			<Option target="All" />
		</Unit>
		<Unit filename="src\reference\Item.fos">
			<Option target="All" />
		</Unit>
		<Unit filename="src\reference\ItemCl.fos">
			<Option target="All" />
		</Unit>
		<Unit filename="src\reference\Location.fos">
			<Option target="All" />
		</Unit>
		<Unit filename="src\reference\Map.fos">
			<Option target="All" />
		</Unit>
		<Unit filename="src\reference\NpcPlane.fos">
			<Option target="All" />
		</Unit>
		<Unit filename="src\reference\ProtoItem.fos">
			<Option target="All" />
		</Unit>
		<Unit filename="src\reference\Scenery.fos">
			<Option target="All" />
		</Unit>
		<Unit filename="src\reference\_client_defines\ClientScreenTypes.fos" />
		<Unit filename="src\reference\_client_defines\CombatMessages.fos" />
		<Unit filename="src\reference\_client_defines\CritterActions.fos" />
		<Unit filename="src\reference\_client_defines\CritterLookTypes.fos" />
		<Unit filename="src\reference\_client_defines\Cursors.fos" />
		<Unit filename="src\reference\_client_defines\DirectInputKeyboardScanCodes.fos" />
		<Unit filename="src\reference\_client_defines\DrawPrimitiveTypes.fos" />
		<Unit filename="src\reference\_client_defines\FontFlags.fos" />
		<Unit filename="src\reference\_client_defines\Fonts.fos" />
		<Unit filename="src\reference\_client_defines\GenericDescriptionsTypes.fos" />
		<Unit filename="src\reference\_client_defines\ItemLookTypes.fos" />
		<Unit filename="src\reference\_client_defines\MessageBoxMessageTypes.fos" />
		<Unit filename="src\reference\_client_defines\MouseClickStates.fos" />
		<Unit filename="src\reference\_client_defines\Paths.fos" />
		<Unit filename="src\reference\_defines\AccessLevels.fos" />
		<Unit filename="src\reference\_defines\Animations.fos" />
		<Unit filename="src\reference\_defines\BodyTypes.fos" />
		<Unit filename="src\reference\_defines\CarFlags.fos" />
		<Unit filename="src\reference\_defines\CombatModes.fos" />
		<Unit filename="src\reference\_defines\CombatText.fos" />
		<Unit filename="src\reference\_defines\CritterConditions.fos" />
		<Unit filename="src\reference\_defines\CritterEvents.fos" />
		<Unit filename="src\reference\_defines\CritterExtraFlags.fos" />
		<Unit filename="src\reference\_defines\CritterFindTypes.fos" />
		<Unit filename="src\reference\_defines\DamageTypes.fos" />
		<Unit filename="src\reference\_defines\DialogLinks.fos" />
		<Unit filename="src\reference\_defines\Elevators.fos" />
		<Unit filename="src\reference\_defines\FixBoyCraftResults.fos" />
		<Unit filename="src\reference\_defines\FixBoyFunctionsCallStates.fos" />
		<Unit filename="src\reference\_defines\Gender.fos" />
		<Unit filename="src\reference\_defines\GlobalMapFog.fos" />
		<Unit filename="src\reference\_defines\HitLocations.fos" />
		<Unit filename="src\reference\_defines\InSendMessage.fos" />
		<Unit filename="src\reference\_defines\ItemBrokenFlags.fos" />
		<Unit filename="src\reference\_defines\ItemBrokenInfo.fos" />
		<Unit filename="src\reference\_defines\ItemEvents.fos" />
		<Unit filename="src\reference\_defines\ItemFlags.fos" />
		<Unit filename="src\reference\_defines\ItemsAccessory.fos" />
		<Unit filename="src\reference\_defines\ItemsTypes.fos" />
		<Unit filename="src\reference\_defines\Locker.fos" />
		<Unit filename="src\reference\_defines\LookChecks.fos" />
		<Unit filename="src\reference\_defines\MapEvents.fos" />
		<Unit filename="src\reference\_defines\MsgNums.fos" />
		<Unit filename="src\reference\_defines\OnAttackReturns.fos" />
		<Unit filename="src\reference\_defines\OnStealReturns.fos" />
		<Unit filename="src\reference\_defines\Parameters.fos" />
		<Unit filename="src\reference\_defines\PlanesDefaultPriority.fos" />
		<Unit filename="src\reference\_defines\PlanesReasons.fos" />
		<Unit filename="src\reference\_defines\PlanesTypes.fos" />
		<Unit filename="src\reference\_defines\SayTypes.fos" />
		<Unit filename="src\reference\_defines\Scores.fos" />
		<Unit filename="src\reference\_defines\ShowScreenModes.fos" />
		<Unit filename="src\reference\_defines\Slots.fos" />
		<Unit filename="src\reference\_defines\SoundTypes.fos" />
		<Unit filename="src\reference\_defines\SpecialSkillValues.fos" />
		<Unit filename="src\reference\_defines\TransferTypes.fos" />
		<Unit filename="src\reference\_groups.fos">
			<Option target="All" />
		</Unit>
		<Unit filename="src\reference\client_globals.fos">
			<Option target="All" />
		</Unit>
		<Unit filename="src\reference\client_reserved.fos">
			<Option target="All" />
		</Unit>
		<Unit filename="src\reference\events.fos">
			<Option target="All" />
		</Unit>
		<Unit filename="src\reference\server_globals.fos">
			<Option target="All" />
		</Unit>
		<Unit filename="src\reference\server_reserved_main.fos">
			<Option target="All" />
		</Unit>
		<Extensions>
			<code_completion />
			<debugger />
			<envvars />
		</Extensions>
	</Project>
</CodeBlocks_project_file>
